
Microsoft Visual Studio Solution File, Format Version 12.00
# Visual Studio Version 16
VisualStudioVersion = 16.0.29209.62
MinimumVisualStudioVersion = 10.0.40219.1
Project("{9A19103F-16F7-4668-BE54-9A1E7A4F7556}") = "Dfc.Providerportal.FindAnApprenticeship", "src\dfc.providerportal.findanapprenticeship\Dfc.Providerportal.FindAnApprenticeship.csproj", "{0CB684C5-CE9C-464E-AE4D-598807A60F0C}"
EndProject
Project("{9A19103F-16F7-4668-BE54-9A1E7A4F7556}") = "dfc.providerportal.findanapprenticeship.tests", "tests\dfc.providerportal.findanapprenticeship.tests\dfc.providerportal.findanapprenticeship.tests.csproj", "{7D1CE6E0-9096-4DB9-A8CE-8301598573E0}"
EndProject
Global
	GlobalSection(SolutionConfigurationPlatforms) = preSolution
		Debug|Any CPU = Debug|Any CPU
		Release|Any CPU = Release|Any CPU
	EndGlobalSection
	GlobalSection(ProjectConfigurationPlatforms) = postSolution
		{0CB684C5-CE9C-464E-AE4D-598807A60F0C}.Debug|Any CPU.ActiveCfg = Debug|Any CPU
		{0CB684C5-CE9C-464E-AE4D-598807A60F0C}.Debug|Any CPU.Build.0 = Debug|Any CPU
		{0CB684C5-CE9C-464E-AE4D-598807A60F0C}.Release|Any CPU.ActiveCfg = Release|Any CPU
		{0CB684C5-CE9C-464E-AE4D-598807A60F0C}.Release|Any CPU.Build.0 = Release|Any CPU
		{7D1CE6E0-9096-4DB9-A8CE-8301598573E0}.Debug|Any CPU.ActiveCfg = Debug|Any CPU
		{7D1CE6E0-9096-4DB9-A8CE-8301598573E0}.Debug|Any CPU.Build.0 = Debug|Any CPU
		{7D1CE6E0-9096-4DB9-A8CE-8301598573E0}.Release|Any CPU.ActiveCfg = Release|Any CPU
		{7D1CE6E0-9096-4DB9-A8CE-8301598573E0}.Release|Any CPU.Build.0 = Release|Any CPU
	EndGlobalSection
	GlobalSection(SolutionProperties) = preSolution
		HideSolutionNode = FALSE
	EndGlobalSection
	GlobalSection(ExtensibilityGlobals) = postSolution
		SolutionGuid = {281F261B-67B6-41B9-8CED-3EFCD8DE835A}
	EndGlobalSection
EndGlobal
